# This file was autogenerated by Stack.
# You should not edit this file by hand.
# For more information, please see the documentation at:
#   https://docs.haskellstack.org/en/stable/topics/lock_files

packages:
- completed:
    hackage: hakyll-4.17.0.0@sha256:97b805ea02e5b721cdb7ab2604397731b050ee98ddf86d9f5debdd613c087897,10604
    pantry-tree:
      sha256: c23b981ffe44cad02e4b6a78bd8783f1eeec5dec4085369947265fce113b551a
      size: 9486
  original:
    hackage: hakyll-4.17.0.0
snapshots:
- completed:
    sha256: 1c2140555bdf61c30a893b3ec1033987d01eda75ce82a1dda033e8fb6f8b322c
    size: 732456
    url: https://raw.githubusercontent.com/commercialhaskell/stackage-snapshots/master/lts/24/55.yaml
  original: lts-24.55
